// !$*UTF8*$!
{
	archiveVersion = 1;
	classes = {
	};
	objectVersion = 46;
	objects = {

/* Begin PBXBuildFile section */
		5423C02F1ED8F42900B22584 /* ResultadoBusca.swift in Sources */ = {isa = PBXBuildFile; fileRef = 5423C02E1ED8F42900B22584 /* ResultadoBusca.swift */; };
		5423C0311EDA94D000B22584 /* FIltroBuscaVC.swift in Sources */ = {isa = PBXBuildFile; fileRef = 5423C0301EDA94D000B22584 /* FIltroBuscaVC.swift */; };
		5423C0331EDA98AD00B22584 /* LaunchScreen.storyboard in Resources */ = {isa = PBXBuildFile; fileRef = 5423C0321EDA98AD00B22584 /* LaunchScreen.storyboard */; };
		5423C0351EDD2D1900B22584 /* ResultadoBuscaDetalhesVC.swift in Sources */ = {isa = PBXBuildFile; fileRef = 5423C0341EDD2D1900B22584 /* ResultadoBuscaDetalhesVC.swift */; };
		546FAD241ECBAD48003BD7F4 /* AppDelegate.swift in Sources */ = {isa = PBXBuildFile; fileRef = 546FAD231ECBAD48003BD7F4 /* AppDelegate.swift */; };
		546FAD291ECBAD48003BD7F4 /* Login.storyboard in Resources */ = {isa = PBXBuildFile; fileRef = 546FAD271ECBAD48003BD7F4 /* Login.storyboard */; };
		546FAD2C1ECBAD48003BD7F4 /* miloo.xcdatamodeld in Sources */ = {isa = PBXBuildFile; fileRef = 546FAD2A1ECBAD48003BD7F4 /* miloo.xcdatamodeld */; };
		546FAD2E1ECBAD48003BD7F4 /* Assets.xcassets in Resources */ = {isa = PBXBuildFile; fileRef = 546FAD2D1ECBAD48003BD7F4 /* Assets.xcassets */; };
		54703B4A1ED7895D004426FA /* ServicoCategoria.swift in Sources */ = {isa = PBXBuildFile; fileRef = 54703B491ED7895D004426FA /* ServicoCategoria.swift */; };
		54703B4C1ED78CBD004426FA /* ServicosCategoriasTVC.swift in Sources */ = {isa = PBXBuildFile; fileRef = 54703B4B1ED78CBD004426FA /* ServicosCategoriasTVC.swift */; };
		54703B501ED78D9F004426FA /* ServicoCategoriaCell.swift in Sources */ = {isa = PBXBuildFile; fileRef = 54703B4F1ED78D9F004426FA /* ServicoCategoriaCell.swift */; };
		54703B521ED7DD6F004426FA /* ResultadoBuscaTVC.swift in Sources */ = {isa = PBXBuildFile; fileRef = 54703B511ED7DD6F004426FA /* ResultadoBuscaTVC.swift */; };
		54703B541ED7E80A004426FA /* ResultadoBuscaCell.swift in Sources */ = {isa = PBXBuildFile; fileRef = 54703B531ED7E80A004426FA /* ResultadoBuscaCell.swift */; };
		54703B571ED7EB8D004426FA /* RoundedImage.swift in Sources */ = {isa = PBXBuildFile; fileRef = 54703B561ED7EB8D004426FA /* RoundedImage.swift */; };
		549D72CB1EF1EE8000EFD263 /* ListaServicosProfissionalVC.swift in Sources */ = {isa = PBXBuildFile; fileRef = 549D72CA1EF1EE8000EFD263 /* ListaServicosProfissionalVC.swift */; };
		549D72CD1EF20C3300EFD263 /* Servico.swift in Sources */ = {isa = PBXBuildFile; fileRef = 549D72CC1EF20C3300EFD263 /* Servico.swift */; };
		549D72CF1EF20DBE00EFD263 /* ServicoCell.swift in Sources */ = {isa = PBXBuildFile; fileRef = 549D72CE1EF20DBE00EFD263 /* ServicoCell.swift */; };
		549D72D11EF222CC00EFD263 /* ListaAvaliacoesProfissionalVC.swift in Sources */ = {isa = PBXBuildFile; fileRef = 549D72D01EF222CC00EFD263 /* ListaAvaliacoesProfissionalVC.swift */; };
		549D72D31EF2232E00EFD263 /* Avaliacao.swift in Sources */ = {isa = PBXBuildFile; fileRef = 549D72D21EF2232E00EFD263 /* Avaliacao.swift */; };
		549D72D51EF22A8D00EFD263 /* AvaliacaoCell.swift in Sources */ = {isa = PBXBuildFile; fileRef = 549D72D41EF22A8D00EFD263 /* AvaliacaoCell.swift */; };
		549D72D91EF45A2C00EFD263 /* InfoProfissionalTVC.swift in Sources */ = {isa = PBXBuildFile; fileRef = 549D72D81EF45A2C00EFD263 /* InfoProfissionalTVC.swift */; };
		54B9A74A1ED3FE0400467DCE /* Main.storyboard in Resources */ = {isa = PBXBuildFile; fileRef = 54B9A7491ED3FE0400467DCE /* Main.storyboard */; };
		54B9A74C1ED4057700467DCE /* Busca.storyboard in Resources */ = {isa = PBXBuildFile; fileRef = 54B9A74B1ED4057700467DCE /* Busca.storyboard */; };
		54B9A74E1ED405A700467DCE /* Profissional.storyboard in Resources */ = {isa = PBXBuildFile; fileRef = 54B9A74D1ED405A700467DCE /* Profissional.storyboard */; };
		54B9A7501ED405B800467DCE /* Notificacoes.storyboard in Resources */ = {isa = PBXBuildFile; fileRef = 54B9A74F1ED405B800467DCE /* Notificacoes.storyboard */; };
		54B9A7521ED405C900467DCE /* Eu.storyboard in Resources */ = {isa = PBXBuildFile; fileRef = 54B9A7511ED405C900467DCE /* Eu.storyboard */; };
		54C7AA981EFEA08700DEDEDC /* GaleriaProfissional.swift in Sources */ = {isa = PBXBuildFile; fileRef = 54C7AA971EFEA08700DEDEDC /* GaleriaProfissional.swift */; };
		54C7AA9A1EFEA3FA00DEDEDC /* ImgGaleriaProfissionalCVC.swift in Sources */ = {isa = PBXBuildFile; fileRef = 54C7AA991EFEA3FA00DEDEDC /* ImgGaleriaProfissionalCVC.swift */; };
		54C7AA9C1EFEDDE000DEDEDC /* EditarServicoTVC.swift in Sources */ = {isa = PBXBuildFile; fileRef = 54C7AA9B1EFEDDE000DEDEDC /* EditarServicoTVC.swift */; };
		54C7AA9E1EFEEB2000DEDEDC /* EditarContatoTVC.swift in Sources */ = {isa = PBXBuildFile; fileRef = 54C7AA9D1EFEEB2000DEDEDC /* EditarContatoTVC.swift */; };
		54C7AAA01EFEFDA700DEDEDC /* EditarJornadaTrabalhoTVC.swift in Sources */ = {isa = PBXBuildFile; fileRef = 54C7AA9F1EFEFDA700DEDEDC /* EditarJornadaTrabalhoTVC.swift */; };
		92615AF01ED5F16900CAB30B /* NovoEnderecoTVC.swift in Sources */ = {isa = PBXBuildFile; fileRef = 92615AEF1ED5F16900CAB30B /* NovoEnderecoTVC.swift */; };
		92615AF21ED6176900CAB30B /* IndiqueVC.swift in Sources */ = {isa = PBXBuildFile; fileRef = 92615AF11ED6176900CAB30B /* IndiqueVC.swift */; };
		926690741ECC826B005896F9 /* EsqueciSenhaVC.swift in Sources */ = {isa = PBXBuildFile; fileRef = 926690731ECC826B005896F9 /* EsqueciSenhaVC.swift */; };
		9298319A1ED51D1E00506542 /* MeusDadosTVC.swift in Sources */ = {isa = PBXBuildFile; fileRef = 929831991ED51D1E00506542 /* MeusDadosTVC.swift */; };
		9298319C1ED5BE2400506542 /* EnderecoCell.swift in Sources */ = {isa = PBXBuildFile; fileRef = 9298319B1ED5BE2400506542 /* EnderecoCell.swift */; };
		9298319E1ED5C0FC00506542 /* Endereco.swift in Sources */ = {isa = PBXBuildFile; fileRef = 9298319D1ED5C0FC00506542 /* Endereco.swift */; };
		929831A01ED5C3A600506542 /* MeusEnderecosTVC.swift in Sources */ = {isa = PBXBuildFile; fileRef = 9298319F1ED5C3A600506542 /* MeusEnderecosTVC.swift */; };
		929F461B1ECBC98D004CFAC8 /* CadastroVC.swift in Sources */ = {isa = PBXBuildFile; fileRef = 929F461A1ECBC98D004CFAC8 /* CadastroVC.swift */; };
		929F461D1ECBCAEB004CFAC8 /* LoginVC.swift in Sources */ = {isa = PBXBuildFile; fileRef = 929F461C1ECBCAEB004CFAC8 /* LoginVC.swift */; };
		92CA631C1ED5D52800A34AE8 /* ConfigTVC.swift in Sources */ = {isa = PBXBuildFile; fileRef = 92CA631B1ED5D52800A34AE8 /* ConfigTVC.swift */; };
/* End PBXBuildFile section */

/* Begin PBXFileReference section */
		5423C02E1ED8F42900B22584 /* ResultadoBusca.swift */ = {isa = PBXFileReference; fileEncoding = 4; lastKnownFileType = sourcecode.swift; path = ResultadoBusca.swift; sourceTree = "<group>"; };
		5423C0301EDA94D000B22584 /* FIltroBuscaVC.swift */ = {isa = PBXFileReference; fileEncoding = 4; lastKnownFileType = sourcecode.swift; path = FIltroBuscaVC.swift; sourceTree = "<group>"; };
		5423C0321EDA98AD00B22584 /* LaunchScreen.storyboard */ = {isa = PBXFileReference; fileEncoding = 4; lastKnownFileType = file.storyboard; path = LaunchScreen.storyboard; sourceTree = "<group>"; };
		5423C0341EDD2D1900B22584 /* ResultadoBuscaDetalhesVC.swift */ = {isa = PBXFileReference; fileEncoding = 4; lastKnownFileType = sourcecode.swift; path = ResultadoBuscaDetalhesVC.swift; sourceTree = "<group>"; };
		546FAD201ECBAD48003BD7F4 /* miloo.app */ = {isa = PBXFileReference; explicitFileType = wrapper.application; includeInIndex = 0; path = miloo.app; sourceTree = BUILT_PRODUCTS_DIR; };
		546FAD231ECBAD48003BD7F4 /* AppDelegate.swift */ = {isa = PBXFileReference; lastKnownFileType = sourcecode.swift; path = AppDelegate.swift; sourceTree = "<group>"; };
		546FAD281ECBAD48003BD7F4 /* Base */ = {isa = PBXFileReference; lastKnownFileType = file.storyboard; name = Base; path = Base.lproj/Login.storyboard; sourceTree = "<group>"; };
		546FAD2B1ECBAD48003BD7F4 /* miloo.xcdatamodel */ = {isa = PBXFileReference; lastKnownFileType = wrapper.xcdatamodel; path = miloo.xcdatamodel; sourceTree = "<group>"; };
		546FAD2D1ECBAD48003BD7F4 /* Assets.xcassets */ = {isa = PBXFileReference; lastKnownFileType = folder.assetcatalog; path = Assets.xcassets; sourceTree = "<group>"; };
		546FAD321ECBAD48003BD7F4 /* Info.plist */ = {isa = PBXFileReference; lastKnownFileType = text.plist.xml; path = Info.plist; sourceTree = "<group>"; };
		54703B491ED7895D004426FA /* ServicoCategoria.swift */ = {isa = PBXFileReference; fileEncoding = 4; lastKnownFileType = sourcecode.swift; path = ServicoCategoria.swift; sourceTree = "<group>"; };
		54703B4B1ED78CBD004426FA /* ServicosCategoriasTVC.swift */ = {isa = PBXFileReference; fileEncoding = 4; lastKnownFileType = sourcecode.swift; path = ServicosCategoriasTVC.swift; sourceTree = "<group>"; };
		54703B4F1ED78D9F004426FA /* ServicoCategoriaCell.swift */ = {isa = PBXFileReference; fileEncoding = 4; lastKnownFileType = sourcecode.swift; path = ServicoCategoriaCell.swift; sourceTree = "<group>"; };
		54703B511ED7DD6F004426FA /* ResultadoBuscaTVC.swift */ = {isa = PBXFileReference; fileEncoding = 4; lastKnownFileType = sourcecode.swift; path = ResultadoBuscaTVC.swift; sourceTree = "<group>"; };
		54703B531ED7E80A004426FA /* ResultadoBuscaCell.swift */ = {isa = PBXFileReference; fileEncoding = 4; lastKnownFileType = sourcecode.swift; path = ResultadoBuscaCell.swift; sourceTree = "<group>"; };
		54703B561ED7EB8D004426FA /* RoundedImage.swift */ = {isa = PBXFileReference; fileEncoding = 4; lastKnownFileType = sourcecode.swift; path = RoundedImage.swift; sourceTree = "<group>"; };
		549D72CA1EF1EE8000EFD263 /* ListaServicosProfissionalVC.swift */ = {isa = PBXFileReference; fileEncoding = 4; lastKnownFileType = sourcecode.swift; path = ListaServicosProfissionalVC.swift; sourceTree = "<group>"; };
		549D72CC1EF20C3300EFD263 /* Servico.swift */ = {isa = PBXFileReference; fileEncoding = 4; lastKnownFileType = sourcecode.swift; path = Servico.swift; sourceTree = "<group>"; };
		549D72CE1EF20DBE00EFD263 /* ServicoCell.swift */ = {isa = PBXFileReference; fileEncoding = 4; lastKnownFileType = sourcecode.swift; path = ServicoCell.swift; sourceTree = "<group>"; };
		549D72D01EF222CC00EFD263 /* ListaAvaliacoesProfissionalVC.swift */ = {isa = PBXFileReference; fileEncoding = 4; lastKnownFileType = sourcecode.swift; path = ListaAvaliacoesProfissionalVC.swift; sourceTree = "<group>"; };
		549D72D21EF2232E00EFD263 /* Avaliacao.swift */ = {isa = PBXFileReference; fileEncoding = 4; lastKnownFileType = sourcecode.swift; path = Avaliacao.swift; sourceTree = "<group>"; };
		549D72D41EF22A8D00EFD263 /* AvaliacaoCell.swift */ = {isa = PBXFileReference; fileEncoding = 4; lastKnownFileType = sourcecode.swift; path = AvaliacaoCell.swift; sourceTree = "<group>"; };
		549D72D81EF45A2C00EFD263 /* InfoProfissionalTVC.swift */ = {isa = PBXFileReference; fileEncoding = 4; lastKnownFileType = sourcecode.swift; path = InfoProfissionalTVC.swift; sourceTree = "<group>"; };
		54B9A7491ED3FE0400467DCE /* Main.storyboard */ = {isa = PBXFileReference; fileEncoding = 4; lastKnownFileType = file.storyboard; path = Main.storyboard; sourceTree = "<group>"; };
		54B9A74B1ED4057700467DCE /* Busca.storyboard */ = {isa = PBXFileReference; fileEncoding = 4; lastKnownFileType = file.storyboard; path = Busca.storyboard; sourceTree = "<group>"; };
		54B9A74D1ED405A700467DCE /* Profissional.storyboard */ = {isa = PBXFileReference; fileEncoding = 4; lastKnownFileType = file.storyboard; path = Profissional.storyboard; sourceTree = "<group>"; };
		54B9A74F1ED405B800467DCE /* Notificacoes.storyboard */ = {isa = PBXFileReference; fileEncoding = 4; lastKnownFileType = file.storyboard; path = Notificacoes.storyboard; sourceTree = "<group>"; };
		54B9A7511ED405C900467DCE /* Eu.storyboard */ = {isa = PBXFileReference; fileEncoding = 4; lastKnownFileType = file.storyboard; path = Eu.storyboard; sourceTree = "<group>"; };
		54C7AA971EFEA08700DEDEDC /* GaleriaProfissional.swift */ = {isa = PBXFileReference; fileEncoding = 4; lastKnownFileType = sourcecode.swift; path = GaleriaProfissional.swift; sourceTree = "<group>"; };
		54C7AA991EFEA3FA00DEDEDC /* ImgGaleriaProfissionalCVC.swift */ = {isa = PBXFileReference; fileEncoding = 4; lastKnownFileType = sourcecode.swift; path = ImgGaleriaProfissionalCVC.swift; sourceTree = "<group>"; };
		54C7AA9B1EFEDDE000DEDEDC /* EditarServicoTVC.swift */ = {isa = PBXFileReference; fileEncoding = 4; lastKnownFileType = sourcecode.swift; path = EditarServicoTVC.swift; sourceTree = "<group>"; };
		54C7AA9D1EFEEB2000DEDEDC /* EditarContatoTVC.swift */ = {isa = PBXFileReference; fileEncoding = 4; lastKnownFileType = sourcecode.swift; path = EditarContatoTVC.swift; sourceTree = "<group>"; };
		54C7AA9F1EFEFDA700DEDEDC /* EditarJornadaTrabalhoTVC.swift */ = {isa = PBXFileReference; fileEncoding = 4; lastKnownFileType = sourcecode.swift; path = EditarJornadaTrabalhoTVC.swift; sourceTree = "<group>"; };
		92615AEF1ED5F16900CAB30B /* NovoEnderecoTVC.swift */ = {isa = PBXFileReference; fileEncoding = 4; lastKnownFileType = sourcecode.swift; path = NovoEnderecoTVC.swift; sourceTree = "<group>"; };
		92615AF11ED6176900CAB30B /* IndiqueVC.swift */ = {isa = PBXFileReference; fileEncoding = 4; lastKnownFileType = sourcecode.swift; path = IndiqueVC.swift; sourceTree = "<group>"; };
		926690731ECC826B005896F9 /* EsqueciSenhaVC.swift */ = {isa = PBXFileReference; fileEncoding = 4; lastKnownFileType = sourcecode.swift; path = EsqueciSenhaVC.swift; sourceTree = "<group>"; };
		929831991ED51D1E00506542 /* MeusDadosTVC.swift */ = {isa = PBXFileReference; fileEncoding = 4; lastKnownFileType = sourcecode.swift; path = MeusDadosTVC.swift; sourceTree = "<group>"; };
		9298319B1ED5BE2400506542 /* EnderecoCell.swift */ = {isa = PBXFileReference; fileEncoding = 4; lastKnownFileType = sourcecode.swift; path = EnderecoCell.swift; sourceTree = "<group>"; };
		9298319D1ED5C0FC00506542 /* Endereco.swift */ = {isa = PBXFileReference; fileEncoding = 4; lastKnownFileType = sourcecode.swift; path = Endereco.swift; sourceTree = "<group>"; };
		9298319F1ED5C3A600506542 /* MeusEnderecosTVC.swift */ = {isa = PBXFileReference; fileEncoding = 4; lastKnownFileType = sourcecode.swift; path = MeusEnderecosTVC.swift; sourceTree = "<group>"; };
		929F461A1ECBC98D004CFAC8 /* CadastroVC.swift */ = {isa = PBXFileReference; fileEncoding = 4; lastKnownFileType = sourcecode.swift; path = CadastroVC.swift; sourceTree = "<group>"; };
		929F461C1ECBCAEB004CFAC8 /* LoginVC.swift */ = {isa = PBXFileReference; fileEncoding = 4; lastKnownFileType = sourcecode.swift; path = LoginVC.swift; sourceTree = "<group>"; };
		92CA631B1ED5D52800A34AE8 /* ConfigTVC.swift */ = {isa = PBXFileReference; fileEncoding = 4; lastKnownFileType = sourcecode.swift; path = ConfigTVC.swift; sourceTree = "<group>"; };
/* End PBXFileReference section */

/* Begin PBXFrameworksBuildPhase section */
		546FAD1D1ECBAD48003BD7F4 /* Frameworks */ = {
			isa = PBXFrameworksBuildPhase;
			buildActionMask = 2147483647;
			files = (
			);
			runOnlyForDeploymentPostprocessing = 0;
		};
/* End PBXFrameworksBuildPhase section */

/* Begin PBXGroup section */
		546FAD171ECBAD48003BD7F4 = {
			isa = PBXGroup;
			children = (
				546FAD221ECBAD48003BD7F4 /* miloo */,
				546FAD211ECBAD48003BD7F4 /* Products */,
			);
			sourceTree = "<group>";
		};
		546FAD211ECBAD48003BD7F4 /* Products */ = {
			isa = PBXGroup;
			children = (
				546FAD201ECBAD48003BD7F4 /* miloo.app */,
			);
			name = Products;
			sourceTree = "<group>";
		};
		546FAD221ECBAD48003BD7F4 /* miloo */ = {
			isa = PBXGroup;
			children = (
				54703B551ED7EB68004426FA /* Styles */,
				54B9A7461ED3FB9C00467DCE /* Storyboards */,
				546FAD3A1ECBADB5003BD7F4 /* Views */,
				546FAD391ECBADA9003BD7F4 /* Controllers */,
				546FAD381ECBAD9F003BD7F4 /* Models */,
				546FAD231ECBAD48003BD7F4 /* AppDelegate.swift */,
				546FAD2D1ECBAD48003BD7F4 /* Assets.xcassets */,
				546FAD321ECBAD48003BD7F4 /* Info.plist */,
				546FAD2A1ECBAD48003BD7F4 /* miloo.xcdatamodeld */,
			);
			path = miloo;
			sourceTree = "<group>";
		};
		546FAD381ECBAD9F003BD7F4 /* Models */ = {
			isa = PBXGroup;
			children = (
				9298319D1ED5C0FC00506542 /* Endereco.swift */,
				54703B491ED7895D004426FA /* ServicoCategoria.swift */,
				5423C02E1ED8F42900B22584 /* ResultadoBusca.swift */,
				549D72CC1EF20C3300EFD263 /* Servico.swift */,
				549D72D21EF2232E00EFD263 /* Avaliacao.swift */,
				54C7AA971EFEA08700DEDEDC /* GaleriaProfissional.swift */,
			);
			name = Models;
			sourceTree = "<group>";
		};
		546FAD391ECBADA9003BD7F4 /* Controllers */ = {
			isa = PBXGroup;
			children = (
				929F461A1ECBC98D004CFAC8 /* CadastroVC.swift */,
				929F461C1ECBCAEB004CFAC8 /* LoginVC.swift */,
				926690731ECC826B005896F9 /* EsqueciSenhaVC.swift */,
				929831991ED51D1E00506542 /* MeusDadosTVC.swift */,
				9298319F1ED5C3A600506542 /* MeusEnderecosTVC.swift */,
				92CA631B1ED5D52800A34AE8 /* ConfigTVC.swift */,
				92615AEF1ED5F16900CAB30B /* NovoEnderecoTVC.swift */,
				92615AF11ED6176900CAB30B /* IndiqueVC.swift */,
				54703B4B1ED78CBD004426FA /* ServicosCategoriasTVC.swift */,
				54703B511ED7DD6F004426FA /* ResultadoBuscaTVC.swift */,
				5423C0301EDA94D000B22584 /* FIltroBuscaVC.swift */,
				5423C0341EDD2D1900B22584 /* ResultadoBuscaDetalhesVC.swift */,
				549D72CA1EF1EE8000EFD263 /* ListaServicosProfissionalVC.swift */,
				549D72D01EF222CC00EFD263 /* ListaAvaliacoesProfissionalVC.swift */,
				549D72D81EF45A2C00EFD263 /* InfoProfissionalTVC.swift */,
				54C7AA9B1EFEDDE000DEDEDC /* EditarServicoTVC.swift */,
				54C7AA9D1EFEEB2000DEDEDC /* EditarContatoTVC.swift */,
				54C7AA9F1EFEFDA700DEDEDC /* EditarJornadaTrabalhoTVC.swift */,
			);
			name = Controllers;
			sourceTree = "<group>";
		};
		546FAD3A1ECBADB5003BD7F4 /* Views */ = {
			isa = PBXGroup;
			children = (
				9298319B1ED5BE2400506542 /* EnderecoCell.swift */,
				54703B4F1ED78D9F004426FA /* ServicoCategoriaCell.swift */,
				54703B531ED7E80A004426FA /* ResultadoBuscaCell.swift */,
				549D72CE1EF20DBE00EFD263 /* ServicoCell.swift */,
				549D72D41EF22A8D00EFD263 /* AvaliacaoCell.swift */,
				54C7AA991EFEA3FA00DEDEDC /* ImgGaleriaProfissionalCVC.swift */,
			);
			name = Views;
			sourceTree = "<group>";
		};
		54703B551ED7EB68004426FA /* Styles */ = {
			isa = PBXGroup;
			children = (
				54703B561ED7EB8D004426FA /* RoundedImage.swift */,
			);
			name = Styles;
			sourceTree = "<group>";
		};
		54B9A7461ED3FB9C00467DCE /* Storyboards */ = {
			isa = PBXGroup;
			children = (
				546FAD271ECBAD48003BD7F4 /* Login.storyboard */,
				54B9A7491ED3FE0400467DCE /* Main.storyboard */,
				54B9A7511ED405C900467DCE /* Eu.storyboard */,
				54B9A74F1ED405B800467DCE /* Notificacoes.storyboard */,
				54B9A74D1ED405A700467DCE /* Profissional.storyboard */,
				54B9A74B1ED4057700467DCE /* Busca.storyboard */,
				5423C0321EDA98AD00B22584 /* LaunchScreen.storyboard */,
			);
			name = Storyboards;
			sourceTree = "<group>";
		};
/* End PBXGroup section */

/* Begin PBXNativeTarget section */
		546FAD1F1ECBAD48003BD7F4 /* miloo */ = {
			isa = PBXNativeTarget;
			buildConfigurationList = 546FAD351ECBAD48003BD7F4 /* Build configuration list for PBXNativeTarget "miloo" */;
			buildPhases = (
				546FAD1C1ECBAD48003BD7F4 /* Sources */,
				546FAD1D1ECBAD48003BD7F4 /* Frameworks */,
				546FAD1E1ECBAD48003BD7F4 /* Resources */,
			);
			buildRules = (
			);
			dependencies = (
			);
			name = miloo;
			productName = miloo;
			productReference = 546FAD201ECBAD48003BD7F4 /* miloo.app */;
			productType = "com.apple.product-type.application";
		};
/* End PBXNativeTarget section */

/* Begin PBXProject section */
		546FAD181ECBAD48003BD7F4 /* Project object */ = {
			isa = PBXProject;
			attributes = {
				LastSwiftUpdateCheck = 0830;
				LastUpgradeCheck = 0830;
				ORGANIZATIONNAME = "Andre Rosa";
				TargetAttributes = {
					546FAD1F1ECBAD48003BD7F4 = {
						CreatedOnToolsVersion = 8.3.1;
						DevelopmentTeam = K27EE7EUGC;
						ProvisioningStyle = Automatic;
					};
				};
			};
			buildConfigurationList = 546FAD1B1ECBAD48003BD7F4 /* Build configuration list for PBXProject "miloo" */;
			compatibilityVersion = "Xcode 3.2";
			developmentRegion = English;
			hasScannedForEncodings = 0;
			knownRegions = (
				en,
				Base,
			);
			mainGroup = 546FAD171ECBAD48003BD7F4;
			productRefGroup = 546FAD211ECBAD48003BD7F4 /* Products */;
			projectDirPath = "";
			projectRoot = "";
			targets = (
				546FAD1F1ECBAD48003BD7F4 /* miloo */,
			);
		};
/* End PBXProject section */

/* Begin PBXResourcesBuildPhase section */
		546FAD1E1ECBAD48003BD7F4 /* Resources */ = {
			isa = PBXResourcesBuildPhase;
			buildActionMask = 2147483647;
			files = (
				5423C0331EDA98AD00B22584 /* LaunchScreen.storyboard in Resources */,
				54B9A7501ED405B800467DCE /* Notificacoes.storyboard in Resources */,
				546FAD2E1ECBAD48003BD7F4 /* Assets.xcassets in Resources */,
				546FAD291ECBAD48003BD7F4 /* Login.storyboard in Resources */,
				54B9A74C1ED4057700467DCE /* Busca.storyboard in Resources */,
				54B9A74A1ED3FE0400467DCE /* Main.storyboard in Resources */,
				54B9A7521ED405C900467DCE /* Eu.storyboard in Resources */,
				54B9A74E1ED405A700467DCE /* Profissional.storyboard in Resources */,
			);
			runOnlyForDeploymentPostprocessing = 0;
		};
/* End PBXResourcesBuildPhase section */

/* Begin PBXSourcesBuildPhase section */
		546FAD1C1ECBAD48003BD7F4 /* Sources */ = {
			isa = PBXSourcesBuildPhase;
			buildActionMask = 2147483647;
			files = (
				92615AF21ED6176900CAB30B /* IndiqueVC.swift in Sources */,
				54703B4A1ED7895D004426FA /* ServicoCategoria.swift in Sources */,
				54703B521ED7DD6F004426FA /* ResultadoBuscaTVC.swift in Sources */,
				549D72D11EF222CC00EFD263 /* ListaAvaliacoesProfissionalVC.swift in Sources */,
				929831A01ED5C3A600506542 /* MeusEnderecosTVC.swift in Sources */,
				5423C0311EDA94D000B22584 /* FIltroBuscaVC.swift in Sources */,
				5423C02F1ED8F42900B22584 /* ResultadoBusca.swift in Sources */,
				549D72D51EF22A8D00EFD263 /* AvaliacaoCell.swift in Sources */,
				9298319A1ED51D1E00506542 /* MeusDadosTVC.swift in Sources */,
				926690741ECC826B005896F9 /* EsqueciSenhaVC.swift in Sources */,
				9298319C1ED5BE2400506542 /* EnderecoCell.swift in Sources */,
				5423C0351EDD2D1900B22584 /* ResultadoBuscaDetalhesVC.swift in Sources */,
				54C7AA9A1EFEA3FA00DEDEDC /* ImgGaleriaProfissionalCVC.swift in Sources */,
				549D72CD1EF20C3300EFD263 /* Servico.swift in Sources */,
				549D72D31EF2232E00EFD263 /* Avaliacao.swift in Sources */,
				54C7AA9E1EFEEB2000DEDEDC /* EditarContatoTVC.swift in Sources */,
				54703B541ED7E80A004426FA /* ResultadoBuscaCell.swift in Sources */,
				54703B501ED78D9F004426FA /* ServicoCategoriaCell.swift in Sources */,
				54C7AA9C1EFEDDE000DEDEDC /* EditarServicoTVC.swift in Sources */,
				54703B4C1ED78CBD004426FA /* ServicosCategoriasTVC.swift in Sources */,
				549D72CF1EF20DBE00EFD263 /* ServicoCell.swift in Sources */,
				54C7AAA01EFEFDA700DEDEDC /* EditarJornadaTrabalhoTVC.swift in Sources */,
				54703B571ED7EB8D004426FA /* RoundedImage.swift in Sources */,
				549D72CB1EF1EE8000EFD263 /* ListaServicosProfissionalVC.swift in Sources */,
				92CA631C1ED5D52800A34AE8 /* ConfigTVC.swift in Sources */,
				546FAD241ECBAD48003BD7F4 /* AppDelegate.swift in Sources */,
				929F461B1ECBC98D004CFAC8 /* CadastroVC.swift in Sources */,
				92615AF01ED5F16900CAB30B /* NovoEnderecoTVC.swift in Sources */,
				9298319E1ED5C0FC00506542 /* Endereco.swift in Sources */,
				546FAD2C1ECBAD48003BD7F4 /* miloo.xcdatamodeld in Sources */,
				549D72D91EF45A2C00EFD263 /* InfoProfissionalTVC.swift in Sources */,
				54C7AA981EFEA08700DEDEDC /* GaleriaProfissional.swift in Sources */,
				929F461D1ECBCAEB004CFAC8 /* LoginVC.swift in Sources */,
			);
			runOnlyForDeploymentPostprocessing = 0;
		};
/* End PBXSourcesBuildPhase section */

/* Begin PBXVariantGroup section */
		546FAD271ECBAD48003BD7F4 /* Login.storyboard */ = {
			isa = PBXVariantGroup;
			children = (
				546FAD281ECBAD48003BD7F4 /* Base */,
			);
			name = Login.storyboard;
			sourceTree = "<group>";
		};
/* End PBXVariantGroup section */

/* Begin XCBuildConfiguration section */
		546FAD331ECBAD48003BD7F4 /* Debug */ = {
			isa = XCBuildConfiguration;
			buildSettings = {
				ALWAYS_SEARCH_USER_PATHS = NO;
				CLANG_ANALYZER_NONNULL = YES;
				CLANG_ANALYZER_NUMBER_OBJECT_CONVERSION = YES_AGGRESSIVE;
				CLANG_CXX_LANGUAGE_STANDARD = "gnu++0x";
				CLANG_CXX_LIBRARY = "libc++";
				CLANG_ENABLE_MODULES = YES;
				CLANG_ENABLE_OBJC_ARC = YES;
				CLANG_WARN_BOOL_CONVERSION = YES;
				CLANG_WARN_CONSTANT_CONVERSION = YES;
				CLANG_WARN_DIRECT_OBJC_ISA_USAGE = YES_ERROR;
				CLANG_WARN_DOCUMENTATION_COMMENTS = YES;
				CLANG_WARN_EMPTY_BODY = YES;
				CLANG_WARN_ENUM_CONVERSION = YES;
				CLANG_WARN_INFINITE_RECURSION = YES;
				CLANG_WARN_INT_CONVERSION = YES;
				CLANG_WARN_OBJC_ROOT_CLASS = YES_ERROR;
				CLANG_WARN_SUSPICIOUS_MOVE = YES;
				CLANG_WARN_UNREACHABLE_CODE = YES;
				CLANG_WARN__DUPLICATE_METHOD_MATCH = YES;
				"CODE_SIGN_IDENTITY[sdk=iphoneos*]" = "iPhone Developer";
				COPY_PHASE_STRIP = NO;
				DEBUG_INFORMATION_FORMAT = dwarf;
				ENABLE_STRICT_OBJC_MSGSEND = YES;
				ENABLE_TESTABILITY = YES;
				GCC_C_LANGUAGE_STANDARD = gnu99;
				GCC_DYNAMIC_NO_PIC = NO;
				GCC_NO_COMMON_BLOCKS = YES;
				GCC_OPTIMIZATION_LEVEL = 0;
				GCC_PREPROCESSOR_DEFINITIONS = (
					"DEBUG=1",
					"$(inherited)",
				);
				GCC_WARN_64_TO_32_BIT_CONVERSION = YES;
				GCC_WARN_ABOUT_RETURN_TYPE = YES_ERROR;
				GCC_WARN_UNDECLARED_SELECTOR = YES;
				GCC_WARN_UNINITIALIZED_AUTOS = YES_AGGRESSIVE;
				GCC_WARN_UNUSED_FUNCTION = YES;
				GCC_WARN_UNUSED_VARIABLE = YES;
				IPHONEOS_DEPLOYMENT_TARGET = 10.3;
				MTL_ENABLE_DEBUG_INFO = YES;
				ONLY_ACTIVE_ARCH = YES;
				SDKROOT = iphoneos;
				SWIFT_ACTIVE_COMPILATION_CONDITIONS = DEBUG;
				SWIFT_OPTIMIZATION_LEVEL = "-Onone";
				TARGETED_DEVICE_FAMILY = "1,2";
			};
			name = Debug;
		};
		546FAD341ECBAD48003BD7F4 /* Release */ = {
			isa = XCBuildConfiguration;
			buildSettings = {
				ALWAYS_SEARCH_USER_PATHS = NO;
				CLANG_ANALYZER_NONNULL = YES;
				CLANG_ANALYZER_NUMBER_OBJECT_CONVERSION = YES_AGGRESSIVE;
				CLANG_CXX_LANGUAGE_STANDARD = "gnu++0x";
				CLANG_CXX_LIBRARY = "libc++";
				CLANG_ENABLE_MODULES = YES;
				CLANG_ENABLE_OBJC_ARC = YES;
				CLANG_WARN_BOOL_CONVERSION = YES;
				CLANG_WARN_CONSTANT_CONVERSION = YES;
				CLANG_WARN_DIRECT_OBJC_ISA_USAGE = YES_ERROR;
				CLANG_WARN_DOCUMENTATION_COMMENTS = YES;
				CLANG_WARN_EMPTY_BODY = YES;
				CLANG_WARN_ENUM_CONVERSION = YES;
				CLANG_WARN_INFINITE_RECURSION = YES;
				CLANG_WARN_INT_CONVERSION = YES;
				CLANG_WARN_OBJC_ROOT_CLASS = YES_ERROR;
				CLANG_WARN_SUSPICIOUS_MOVE = YES;
				CLANG_WARN_UNREACHABLE_CODE = YES;
				CLANG_WARN__DUPLICATE_METHOD_MATCH = YES;
				"CODE_SIGN_IDENTITY[sdk=iphoneos*]" = "iPhone Developer";
				COPY_PHASE_STRIP = NO;
				DEBUG_INFORMATION_FORMAT = "dwarf-with-dsym";
				ENABLE_NS_ASSERTIONS = NO;
				ENABLE_STRICT_OBJC_MSGSEND = YES;
				GCC_C_LANGUAGE_STANDARD = gnu99;
				GCC_NO_COMMON_BLOCKS = YES;
				GCC_WARN_64_TO_32_BIT_CONVERSION = YES;
				GCC_WARN_ABOUT_RETURN_TYPE = YES_ERROR;
				GCC_WARN_UNDECLARED_SELECTOR = YES;
				GCC_WARN_UNINITIALIZED_AUTOS = YES_AGGRESSIVE;
				GCC_WARN_UNUSED_FUNCTION = YES;
				GCC_WARN_UNUSED_VARIABLE = YES;
				IPHONEOS_DEPLOYMENT_TARGET = 10.3;
				MTL_ENABLE_DEBUG_INFO = NO;
				SDKROOT = iphoneos;
				SWIFT_OPTIMIZATION_LEVEL = "-Owholemodule";
				TARGETED_DEVICE_FAMILY = "1,2";
				VALIDATE_PRODUCT = YES;
			};
			name = Release;
		};
		546FAD361ECBAD48003BD7F4 /* Debug */ = {
			isa = XCBuildConfiguration;
			buildSettings = {
				ASSETCATALOG_COMPILER_APPICON_NAME = AppIcon;
				DEVELOPMENT_TEAM = K27EE7EUGC;
				INFOPLIST_FILE = miloo/Info.plist;
				LD_RUNPATH_SEARCH_PATHS = "$(inherited) @executable_path/Frameworks";
				PRODUCT_BUNDLE_IDENTIFIER = com.andre.miloo;
				PRODUCT_NAME = "$(TARGET_NAME)";
				SWIFT_VERSION = 3.0;
				TARGETED_DEVICE_FAMILY = 1;
			};
			name = Debug;
		};
		546FAD371ECBAD48003BD7F4 /* Release */ = {
			isa = XCBuildConfiguration;
			buildSettings = {
				ASSETCATALOG_COMPILER_APPICON_NAME = AppIcon;
				DEVELOPMENT_TEAM = K27EE7EUGC;
				INFOPLIST_FILE = miloo/Info.plist;
				LD_RUNPATH_SEARCH_PATHS = "$(inherited) @executable_path/Frameworks";
				PRODUCT_BUNDLE_IDENTIFIER = com.andre.miloo;
				PRODUCT_NAME = "$(TARGET_NAME)";
				SWIFT_VERSION = 3.0;
				TARGETED_DEVICE_FAMILY = 1;
			};
			name = Release;
		};
/* End XCBuildConfiguration section */

/* Begin XCConfigurationList section */
		546FAD1B1ECBAD48003BD7F4 /* Build configuration list for PBXProject "miloo" */ = {
			isa = XCConfigurationList;
			buildConfigurations = (
				546FAD331ECBAD48003BD7F4 /* Debug */,
				546FAD341ECBAD48003BD7F4 /* Release */,
			);
			defaultConfigurationIsVisible = 0;
			defaultConfigurationName = Release;
		};
		546FAD351ECBAD48003BD7F4 /* Build configuration list for PBXNativeTarget "miloo" */ = {
			isa = XCConfigurationList;
			buildConfigurations = (
				546FAD361ECBAD48003BD7F4 /* Debug */,
				546FAD371ECBAD48003BD7F4 /* Release */,
			);
			defaultConfigurationIsVisible = 0;
			defaultConfigurationName = Release;
		};
/* End XCConfigurationList section */

/* Begin XCVersionGroup section */
		546FAD2A1ECBAD48003BD7F4 /* miloo.xcdatamodeld */ = {
			isa = XCVersionGroup;
			children = (
				546FAD2B1ECBAD48003BD7F4 /* miloo.xcdatamodel */,
			);
			currentVersion = 546FAD2B1ECBAD48003BD7F4 /* miloo.xcdatamodel */;
			path = miloo.xcdatamodeld;
			sourceTree = "<group>";
			versionGroupType = wrapper.xcdatamodel;
		};
/* End XCVersionGroup section */
	};
	rootObject = 546FAD181ECBAD48003BD7F4 /* Project object */;
}
